# THIS IS AN AUTOGENERATED FILE. DO NOT EDIT THIS FILE DIRECTLY.
# yarn lockfile v1


callsite@^1.0.0:
  version "1.0.0"
  resolved "https://verdaccio.cybercoders.net/callsite/-/callsite-1.0.0.tgz#280398e5d664bd74038b6f0905153e6e8af1bc20"
  integrity sha1-KAOY5dZkvXQDi28JBRU+borxvCA=

fifo@^2.3.0:
  version "2.3.0"
  resolved "https://verdaccio.cybercoders.net/fifo/-/fifo-2.3.0.tgz#182de8dd0632aa47cf6816d9bc4323317d5259dc"
  integrity sha1-GC3o3QYyqkfPaBbZvEMjMX1SWdw=

gefer@^1.0.1:
  version "1.0.1"
  resolved "https://verdaccio.cybercoders.net/gefer/-/gefer-1.0.1.tgz#fd5126dfa817758622328da7ae2c31bea99b488c"
  integrity sha512-dNdhVypvlWmO5ilDy0H+gT7PWI+lQYxgDGAHUyavzGOT/JjL9N4AELHM4CyIo2bYpqC8hsLNfhpF3YU6EAoL6g==
  dependencies:
    fifo "^2.3.0"
